
Microsoft Visual Studio Solution File, Format Version 12.00
# Visual Studio Version 17
VisualStudioVersion = 17.5.33530.505
MinimumVisualStudioVersion = 10.0.40219.1
Project("{9A19103F-16F7-4668-BE54-9A1E7A4F7556}") = "FileSystemVisitor", "FileSystemVisitor.csproj", "{F4352E28-8F25-4B89-8B48-6CF32553A334}"
EndProject
Project("{FAE04EC0-301F-11D3-BF4B-00C04F79EFBC}") = "FileSystemVisitorTest", "..\FileSystemVisitorTest\FileSystemVisitorTest.csproj", "{E1199914-F506-4942-A0EC-E9180266D2F9}"
EndProject
Global
	GlobalSection(SolutionConfigurationPlatforms) = preSolution
		Debug|Any CPU = Debug|Any CPU
		Release|Any CPU = Release|Any CPU
	EndGlobalSection
	GlobalSection(ProjectConfigurationPlatforms) = postSolution
		{F4352E28-8F25-4B89-8B48-6CF32553A334}.Debug|Any CPU.ActiveCfg = Debug|Any CPU
		{F4352E28-8F25-4B89-8B48-6CF32553A334}.Debug|Any CPU.Build.0 = Debug|Any CPU
		{F4352E28-8F25-4B89-8B48-6CF32553A334}.Release|Any CPU.ActiveCfg = Release|Any CPU
		{F4352E28-8F25-4B89-8B48-6CF32553A334}.Release|Any CPU.Build.0 = Release|Any CPU
		{E1199914-F506-4942-A0EC-E9180266D2F9}.Debug|Any CPU.ActiveCfg = Debug|Any CPU
		{E1199914-F506-4942-A0EC-E9180266D2F9}.Debug|Any CPU.Build.0 = Debug|Any CPU
		{E1199914-F506-4942-A0EC-E9180266D2F9}.Release|Any CPU.ActiveCfg = Release|Any CPU
		{E1199914-F506-4942-A0EC-E9180266D2F9}.Release|Any CPU.Build.0 = Release|Any CPU
	EndGlobalSection
	GlobalSection(SolutionProperties) = preSolution
		HideSolutionNode = FALSE
	EndGlobalSection
	GlobalSection(ExtensibilityGlobals) = postSolution
		SolutionGuid = {84DA9EE4-0E05-476E-938C-8F980A287AC4}
	EndGlobalSection
EndGlobal
