
Microsoft Visual Studio Solution File, Format Version 12.00
# Visual Studio Version 17
VisualStudioVersion = 17.6.33723.286
MinimumVisualStudioVersion = 10.0.40219.1
Project("{FAE04EC0-301F-11D3-BF4B-00C04F79EFBC}") = "ADO.NET", "ADO.NET\ADO.NET.csproj", "{CEC96447-31F8-4F74-A750-AFACD8B2106E}"
EndProject
Project("{FAE04EC0-301F-11D3-BF4B-00C04F79EFBC}") = "ADO.NET-Test", "ADO.NET-Test\ADO.NET-Test.csproj", "{742B3899-7CD7-4B46-AA2E-951A9F67D9F3}"
EndProject
Global
	GlobalSection(SolutionConfigurationPlatforms) = preSolution
		Debug|Any CPU = Debug|Any CPU
		Release|Any CPU = Release|Any CPU
	EndGlobalSection
	GlobalSection(ProjectConfigurationPlatforms) = postSolution
		{CEC96447-31F8-4F74-A750-AFACD8B2106E}.Debug|Any CPU.ActiveCfg = Debug|Any CPU
		{CEC96447-31F8-4F74-A750-AFACD8B2106E}.Debug|Any CPU.Build.0 = Debug|Any CPU
		{CEC96447-31F8-4F74-A750-AFACD8B2106E}.Release|Any CPU.ActiveCfg = Release|Any CPU
		{CEC96447-31F8-4F74-A750-AFACD8B2106E}.Release|Any CPU.Build.0 = Release|Any CPU
		{742B3899-7CD7-4B46-AA2E-951A9F67D9F3}.Debug|Any CPU.ActiveCfg = Debug|Any CPU
		{742B3899-7CD7-4B46-AA2E-951A9F67D9F3}.Debug|Any CPU.Build.0 = Debug|Any CPU
		{742B3899-7CD7-4B46-AA2E-951A9F67D9F3}.Release|Any CPU.ActiveCfg = Release|Any CPU
		{742B3899-7CD7-4B46-AA2E-951A9F67D9F3}.Release|Any CPU.Build.0 = Release|Any CPU
	EndGlobalSection
	GlobalSection(SolutionProperties) = preSolution
		HideSolutionNode = FALSE
	EndGlobalSection
	GlobalSection(ExtensibilityGlobals) = postSolution
		SolutionGuid = {D7F9FD3A-2EF4-43F8-9471-A4E280DB7645}
	EndGlobalSection
EndGlobal
