
Microsoft Visual Studio Solution File, Format Version 12.00
# Visual Studio Version 17
VisualStudioVersion = 17.6.33723.286
MinimumVisualStudioVersion = 10.0.40219.1
Project("{FAE04EC0-301F-11D3-BF4B-00C04F79EFBC}") = "OOP-Fundamentals", "OOP-Fundamentals\OOP-Fundamentals.csproj", "{B46187CB-CABD-4E68-95DE-C932B371133D}"
EndProject
Global
	GlobalSection(SolutionConfigurationPlatforms) = preSolution
		Debug|Any CPU = Debug|Any CPU
		Release|Any CPU = Release|Any CPU
	EndGlobalSection
	GlobalSection(ProjectConfigurationPlatforms) = postSolution
		{B46187CB-CABD-4E68-95DE-C932B371133D}.Debug|Any CPU.ActiveCfg = Debug|Any CPU
		{B46187CB-CABD-4E68-95DE-C932B371133D}.Debug|Any CPU.Build.0 = Debug|Any CPU
		{B46187CB-CABD-4E68-95DE-C932B371133D}.Release|Any CPU.ActiveCfg = Release|Any CPU
		{B46187CB-CABD-4E68-95DE-C932B371133D}.Release|Any CPU.Build.0 = Release|Any CPU
	EndGlobalSection
	GlobalSection(SolutionProperties) = preSolution
		HideSolutionNode = FALSE
	EndGlobalSection
	GlobalSection(ExtensibilityGlobals) = postSolution
		SolutionGuid = {8AB3E6FB-AB18-4D43-9E0C-7788338E018C}
	EndGlobalSection
EndGlobal
