
Microsoft Visual Studio Solution File, Format Version 12.00
# Visual Studio Version 17
VisualStudioVersion = 17.6.33723.286
MinimumVisualStudioVersion = 10.0.40219.1
Project("{FAE04EC0-301F-11D3-BF4B-00C04F79EFBC}") = "MVC_Principles", "MVC_Principles\MVC_Principles.csproj", "{3F7BC8C6-0FD8-4170-8957-9556A68D3F4F}"
EndProject
Global
	GlobalSection(SolutionConfigurationPlatforms) = preSolution
		Debug|Any CPU = Debug|Any CPU
		Release|Any CPU = Release|Any CPU
	EndGlobalSection
	GlobalSection(ProjectConfigurationPlatforms) = postSolution
		{3F7BC8C6-0FD8-4170-8957-9556A68D3F4F}.Debug|Any CPU.ActiveCfg = Debug|Any CPU
		{3F7BC8C6-0FD8-4170-8957-9556A68D3F4F}.Debug|Any CPU.Build.0 = Debug|Any CPU
		{3F7BC8C6-0FD8-4170-8957-9556A68D3F4F}.Release|Any CPU.ActiveCfg = Release|Any CPU
		{3F7BC8C6-0FD8-4170-8957-9556A68D3F4F}.Release|Any CPU.Build.0 = Release|Any CPU
	EndGlobalSection
	GlobalSection(SolutionProperties) = preSolution
		HideSolutionNode = FALSE
	EndGlobalSection
	GlobalSection(ExtensibilityGlobals) = postSolution
		SolutionGuid = {36DA499A-C9F7-4BF0-A3BF-AF2D22C8D75A}
	EndGlobalSection
EndGlobal
